
Microsoft Visual Studio Solution File, Format Version 12.00
# Visual Studio 2012
Project("{159641D6-6404-4A2A-AE62-294DE0FE8301}") = "Carga_Dbat", "Carga_Dbat\Carga_Dbat.dtproj", "{550C875D-3944-4481-A91A-778E0C866322}"
EndProject
Global
	GlobalSection(SolutionConfigurationPlatforms) = preSolution
		Development|Default = Development|Default
	EndGlobalSection
	GlobalSection(ProjectConfigurationPlatforms) = postSolution
		{550C875D-3944-4481-A91A-778E0C866322}.Development|Default.ActiveCfg = Development
		{550C875D-3944-4481-A91A-778E0C866322}.Development|Default.Build.0 = Development
	EndGlobalSection
	GlobalSection(SolutionProperties) = preSolution
		HideSolutionNode = FALSE
	EndGlobalSection
EndGlobal
