
Microsoft Visual Studio Solution File, Format Version 12.00
# Visual Studio 2012
Project("{159641D6-6404-4A2A-AE62-294DE0FE8301}") = "PlanoDebito", "PlanoDebito\PlanoDebito.dtproj", "{6DA21FD6-3F18-4D1D-9209-E4936181787F}"
EndProject
Global
	GlobalSection(SolutionConfigurationPlatforms) = preSolution
		Development|Default = Development|Default
	EndGlobalSection
	GlobalSection(ProjectConfigurationPlatforms) = postSolution
		{6DA21FD6-3F18-4D1D-9209-E4936181787F}.Development|Default.ActiveCfg = Development
		{6DA21FD6-3F18-4D1D-9209-E4936181787F}.Development|Default.Build.0 = Development
	EndGlobalSection
	GlobalSection(SolutionProperties) = preSolution
		HideSolutionNode = FALSE
	EndGlobalSection
EndGlobal
